
Microsoft Visual Studio Solution File, Format Version 12.00
# Visual Studio Version 17
VisualStudioVersion = 17.7.34202.233
MinimumVisualStudioVersion = 10.0.40219.1
Project("{FAE04EC0-301F-11D3-BF4B-00C04F79EFBC}") = "PRN221_GroupProject", "PRN221_GroupProject\PRN221_GroupProject.csproj", "{81C5BD8D-3ADC-49C3-A63D-CFE3DF2F4EF9}"
EndProject
Global
	GlobalSection(SolutionConfigurationPlatforms) = preSolution
		Debug|Any CPU = Debug|Any CPU
		Release|Any CPU = Release|Any CPU
	EndGlobalSection
	GlobalSection(ProjectConfigurationPlatforms) = postSolution
		{81C5BD8D-3ADC-49C3-A63D-CFE3DF2F4EF9}.Debug|Any CPU.ActiveCfg = Debug|Any CPU
		{81C5BD8D-3ADC-49C3-A63D-CFE3DF2F4EF9}.Debug|Any CPU.Build.0 = Debug|Any CPU
		{81C5BD8D-3ADC-49C3-A63D-CFE3DF2F4EF9}.Release|Any CPU.ActiveCfg = Release|Any CPU
		{81C5BD8D-3ADC-49C3-A63D-CFE3DF2F4EF9}.Release|Any CPU.Build.0 = Release|Any CPU
	EndGlobalSection
	GlobalSection(SolutionProperties) = preSolution
		HideSolutionNode = FALSE
	EndGlobalSection
	GlobalSection(ExtensibilityGlobals) = postSolution
		SolutionGuid = {BB8D439B-792D-4564-A54D-4C1CF2F2ACF8}
	EndGlobalSection
EndGlobal
